
Microsoft Visual Studio Solution File, Format Version 12.00
# Visual Studio Version 16
VisualStudioVersion = 16.0.36128.20
MinimumVisualStudioVersion = 10.0.40219.1
Project("{FAE04EC0-301F-11D3-BF4B-00C04F79EFBC}") = "Authenticate_Security_Prj", "Authenticate_Security_Prj\Authenticate_Security_Prj.csproj", "{D05D5145-5275-43A6-9FAD-E9E9A03D54BB}"
EndProject
Global
	GlobalSection(SolutionConfigurationPlatforms) = preSolution
		Debug|Any CPU = Debug|Any CPU
		Release|Any CPU = Release|Any CPU
	EndGlobalSection
	GlobalSection(ProjectConfigurationPlatforms) = postSolution
		{D05D5145-5275-43A6-9FAD-E9E9A03D54BB}.Debug|Any CPU.ActiveCfg = Debug|Any CPU
		{D05D5145-5275-43A6-9FAD-E9E9A03D54BB}.Debug|Any CPU.Build.0 = Debug|Any CPU
		{D05D5145-5275-43A6-9FAD-E9E9A03D54BB}.Release|Any CPU.ActiveCfg = Release|Any CPU
		{D05D5145-5275-43A6-9FAD-E9E9A03D54BB}.Release|Any CPU.Build.0 = Release|Any CPU
	EndGlobalSection
	GlobalSection(SolutionProperties) = preSolution
		HideSolutionNode = FALSE
	EndGlobalSection
	GlobalSection(ExtensibilityGlobals) = postSolution
		SolutionGuid = {870ACA29-6E6F-4E68-87A1-3B500517013E}
	EndGlobalSection
EndGlobal
