
Microsoft Visual Studio Solution File, Format Version 12.00
# Visual Studio Version 16
VisualStudioVersion = 16.0.36128.20
MinimumVisualStudioVersion = 10.0.40219.1
Project("{FAE04EC0-301F-11D3-BF4B-00C04F79EFBC}") = "Assignment2", "Assignment2\Assignment2.csproj", "{B8F07F1F-3FEB-4C38-88E1-5FE128092B58}"
EndProject
Global
	GlobalSection(SolutionConfigurationPlatforms) = preSolution
		Debug|Any CPU = Debug|Any CPU
		Release|Any CPU = Release|Any CPU
	EndGlobalSection
	GlobalSection(ProjectConfigurationPlatforms) = postSolution
		{B8F07F1F-3FEB-4C38-88E1-5FE128092B58}.Debug|Any CPU.ActiveCfg = Debug|Any CPU
		{B8F07F1F-3FEB-4C38-88E1-5FE128092B58}.Debug|Any CPU.Build.0 = Debug|Any CPU
		{B8F07F1F-3FEB-4C38-88E1-5FE128092B58}.Release|Any CPU.ActiveCfg = Release|Any CPU
		{B8F07F1F-3FEB-4C38-88E1-5FE128092B58}.Release|Any CPU.Build.0 = Release|Any CPU
	EndGlobalSection
	GlobalSection(SolutionProperties) = preSolution
		HideSolutionNode = FALSE
	EndGlobalSection
	GlobalSection(ExtensibilityGlobals) = postSolution
		SolutionGuid = {806FED40-DA0B-4DB8-8EE4-2957E06D66A9}
	EndGlobalSection
EndGlobal
