
Microsoft Visual Studio Solution File, Format Version 12.00
# Visual Studio Version 16
VisualStudioVersion = 16.0.36128.20
MinimumVisualStudioVersion = 10.0.40219.1
Project("{FAE04EC0-301F-11D3-BF4B-00C04F79EFBC}") = "ConnectedADO", "ConnectedADO\ConnectedADO.csproj", "{4015D770-D273-4647-B61E-7279C6BD746D}"
EndProject
Global
	GlobalSection(SolutionConfigurationPlatforms) = preSolution
		Debug|Any CPU = Debug|Any CPU
		Release|Any CPU = Release|Any CPU
	EndGlobalSection
	GlobalSection(ProjectConfigurationPlatforms) = postSolution
		{4015D770-D273-4647-B61E-7279C6BD746D}.Debug|Any CPU.ActiveCfg = Debug|Any CPU
		{4015D770-D273-4647-B61E-7279C6BD746D}.Debug|Any CPU.Build.0 = Debug|Any CPU
		{4015D770-D273-4647-B61E-7279C6BD746D}.Release|Any CPU.ActiveCfg = Release|Any CPU
		{4015D770-D273-4647-B61E-7279C6BD746D}.Release|Any CPU.Build.0 = Release|Any CPU
	EndGlobalSection
	GlobalSection(SolutionProperties) = preSolution
		HideSolutionNode = FALSE
	EndGlobalSection
	GlobalSection(ExtensibilityGlobals) = postSolution
		SolutionGuid = {4A9FCD39-A424-4F6F-90F5-33F9E2855364}
	EndGlobalSection
EndGlobal
