
Microsoft Visual Studio Solution File, Format Version 12.00
# Visual Studio Version 16
VisualStudioVersion = 16.0.36128.20
MinimumVisualStudioVersion = 10.0.40219.1
Project("{FAE04EC0-301F-11D3-BF4B-00C04F79EFBC}") = "ConnectedADO2", "ConnectedADO2\ConnectedADO2.csproj", "{87DD4375-2392-45AA-8B4D-ABBF05DCEBDE}"
EndProject
Global
	GlobalSection(SolutionConfigurationPlatforms) = preSolution
		Debug|Any CPU = Debug|Any CPU
		Release|Any CPU = Release|Any CPU
	EndGlobalSection
	GlobalSection(ProjectConfigurationPlatforms) = postSolution
		{87DD4375-2392-45AA-8B4D-ABBF05DCEBDE}.Debug|Any CPU.ActiveCfg = Debug|Any CPU
		{87DD4375-2392-45AA-8B4D-ABBF05DCEBDE}.Debug|Any CPU.Build.0 = Debug|Any CPU
		{87DD4375-2392-45AA-8B4D-ABBF05DCEBDE}.Release|Any CPU.ActiveCfg = Release|Any CPU
		{87DD4375-2392-45AA-8B4D-ABBF05DCEBDE}.Release|Any CPU.Build.0 = Release|Any CPU
	EndGlobalSection
	GlobalSection(SolutionProperties) = preSolution
		HideSolutionNode = FALSE
	EndGlobalSection
	GlobalSection(ExtensibilityGlobals) = postSolution
		SolutionGuid = {5CB3B0C8-D9FD-443B-9310-3E59BA576CA4}
	EndGlobalSection
EndGlobal
