
Microsoft Visual Studio Solution File, Format Version 12.00
# Visual Studio Version 16
VisualStudioVersion = 16.0.36128.20
MinimumVisualStudioVersion = 10.0.40219.1
Project("{FAE04EC0-301F-11D3-BF4B-00C04F79EFBC}") = "Catching_Prj", "Catching_Prj\Catching_Prj.csproj", "{4C97478E-C7F2-4FB7-9557-E87212F207AC}"
EndProject
Global
	GlobalSection(SolutionConfigurationPlatforms) = preSolution
		Debug|Any CPU = Debug|Any CPU
		Release|Any CPU = Release|Any CPU
	EndGlobalSection
	GlobalSection(ProjectConfigurationPlatforms) = postSolution
		{4C97478E-C7F2-4FB7-9557-E87212F207AC}.Debug|Any CPU.ActiveCfg = Debug|Any CPU
		{4C97478E-C7F2-4FB7-9557-E87212F207AC}.Debug|Any CPU.Build.0 = Debug|Any CPU
		{4C97478E-C7F2-4FB7-9557-E87212F207AC}.Release|Any CPU.ActiveCfg = Release|Any CPU
		{4C97478E-C7F2-4FB7-9557-E87212F207AC}.Release|Any CPU.Build.0 = Release|Any CPU
	EndGlobalSection
	GlobalSection(SolutionProperties) = preSolution
		HideSolutionNode = FALSE
	EndGlobalSection
	GlobalSection(ExtensibilityGlobals) = postSolution
		SolutionGuid = {B20CF790-142A-48A4-8100-6B7CD9083E57}
	EndGlobalSection
EndGlobal
