
Microsoft Visual Studio Solution File, Format Version 12.00
# Visual Studio Version 16
VisualStudioVersion = 16.0.36128.20
MinimumVisualStudioVersion = 10.0.40219.1
Project("{FAE04EC0-301F-11D3-BF4B-00C04F79EFBC}") = "ConnectionPooling_Transaction", "ConnectionPooling_Transaction\ConnectionPooling_Transaction.csproj", "{7419418B-E674-4652-808F-9B1AD34E97B4}"
EndProject
Global
	GlobalSection(SolutionConfigurationPlatforms) = preSolution
		Debug|Any CPU = Debug|Any CPU
		Release|Any CPU = Release|Any CPU
	EndGlobalSection
	GlobalSection(ProjectConfigurationPlatforms) = postSolution
		{7419418B-E674-4652-808F-9B1AD34E97B4}.Debug|Any CPU.ActiveCfg = Debug|Any CPU
		{7419418B-E674-4652-808F-9B1AD34E97B4}.Debug|Any CPU.Build.0 = Debug|Any CPU
		{7419418B-E674-4652-808F-9B1AD34E97B4}.Release|Any CPU.ActiveCfg = Release|Any CPU
		{7419418B-E674-4652-808F-9B1AD34E97B4}.Release|Any CPU.Build.0 = Release|Any CPU
	EndGlobalSection
	GlobalSection(SolutionProperties) = preSolution
		HideSolutionNode = FALSE
	EndGlobalSection
	GlobalSection(ExtensibilityGlobals) = postSolution
		SolutionGuid = {7AAC70C3-774B-426D-B917-5483B9D633C7}
	EndGlobalSection
EndGlobal
