
Microsoft Visual Studio Solution File, Format Version 12.00
# Visual Studio Version 16
VisualStudioVersion = 16.0.36128.20
MinimumVisualStudioVersion = 10.0.40219.1
Project("{FAE04EC0-301F-11D3-BF4B-00C04F79EFBC}") = "Assignment_1", "Assignment_1\Assignment_1.csproj", "{46EA8804-DB25-45FC-B1FA-E98594D9DE6F}"
EndProject
Global
	GlobalSection(SolutionConfigurationPlatforms) = preSolution
		Debug|Any CPU = Debug|Any CPU
		Release|Any CPU = Release|Any CPU
	EndGlobalSection
	GlobalSection(ProjectConfigurationPlatforms) = postSolution
		{46EA8804-DB25-45FC-B1FA-E98594D9DE6F}.Debug|Any CPU.ActiveCfg = Debug|Any CPU
		{46EA8804-DB25-45FC-B1FA-E98594D9DE6F}.Debug|Any CPU.Build.0 = Debug|Any CPU
		{46EA8804-DB25-45FC-B1FA-E98594D9DE6F}.Release|Any CPU.ActiveCfg = Release|Any CPU
		{46EA8804-DB25-45FC-B1FA-E98594D9DE6F}.Release|Any CPU.Build.0 = Release|Any CPU
	EndGlobalSection
	GlobalSection(SolutionProperties) = preSolution
		HideSolutionNode = FALSE
	EndGlobalSection
	GlobalSection(ExtensibilityGlobals) = postSolution
		SolutionGuid = {EE7F7729-CFC3-4221-A0A7-2C34C8492C39}
	EndGlobalSection
EndGlobal
