
Microsoft Visual Studio Solution File, Format Version 12.00
# Visual Studio Version 16
VisualStudioVersion = 16.0.36128.20
MinimumVisualStudioVersion = 10.0.40219.1
Project("{FAE04EC0-301F-11D3-BF4B-00C04F79EFBC}") = "CodeChallenge_7", "CodeChallenge_7\CodeChallenge_7.csproj", "{6D128E92-B6B7-4288-9265-FFCB51AADD79}"
EndProject
Global
	GlobalSection(SolutionConfigurationPlatforms) = preSolution
		Debug|Any CPU = Debug|Any CPU
		Release|Any CPU = Release|Any CPU
	EndGlobalSection
	GlobalSection(ProjectConfigurationPlatforms) = postSolution
		{6D128E92-B6B7-4288-9265-FFCB51AADD79}.Debug|Any CPU.ActiveCfg = Debug|Any CPU
		{6D128E92-B6B7-4288-9265-FFCB51AADD79}.Debug|Any CPU.Build.0 = Debug|Any CPU
		{6D128E92-B6B7-4288-9265-FFCB51AADD79}.Release|Any CPU.ActiveCfg = Release|Any CPU
		{6D128E92-B6B7-4288-9265-FFCB51AADD79}.Release|Any CPU.Build.0 = Release|Any CPU
	EndGlobalSection
	GlobalSection(SolutionProperties) = preSolution
		HideSolutionNode = FALSE
	EndGlobalSection
	GlobalSection(ExtensibilityGlobals) = postSolution
		SolutionGuid = {DF7B077E-2A4C-435C-8FB6-36076CE3FAC8}
	EndGlobalSection
EndGlobal
