
Microsoft Visual Studio Solution File, Format Version 12.00
# Visual Studio Version 16
VisualStudioVersion = 16.0.36128.20
MinimumVisualStudioVersion = 10.0.40219.1
Project("{FAE04EC0-301F-11D3-BF4B-00C04F79EFBC}") = "day7", "day7\day7.csproj", "{7353CEA1-231E-4CB9-81CC-A25BADB981BE}"
EndProject
Global
	GlobalSection(SolutionConfigurationPlatforms) = preSolution
		Debug|Any CPU = Debug|Any CPU
		Release|Any CPU = Release|Any CPU
	EndGlobalSection
	GlobalSection(ProjectConfigurationPlatforms) = postSolution
		{7353CEA1-231E-4CB9-81CC-A25BADB981BE}.Debug|Any CPU.ActiveCfg = Debug|Any CPU
		{7353CEA1-231E-4CB9-81CC-A25BADB981BE}.Debug|Any CPU.Build.0 = Debug|Any CPU
		{7353CEA1-231E-4CB9-81CC-A25BADB981BE}.Release|Any CPU.ActiveCfg = Release|Any CPU
		{7353CEA1-231E-4CB9-81CC-A25BADB981BE}.Release|Any CPU.Build.0 = Release|Any CPU
	EndGlobalSection
	GlobalSection(SolutionProperties) = preSolution
		HideSolutionNode = FALSE
	EndGlobalSection
	GlobalSection(ExtensibilityGlobals) = postSolution
		SolutionGuid = {1D0FE38D-4E7B-484A-BFF0-7F67450CB615}
	EndGlobalSection
EndGlobal
