
Microsoft Visual Studio Solution File, Format Version 12.00
# Visual Studio Version 16
VisualStudioVersion = 16.0.36128.20
MinimumVisualStudioVersion = 10.0.40219.1
Project("{FAE04EC0-301F-11D3-BF4B-00C04F79EFBC}") = "day6", "day6\day6.csproj", "{4D381ED9-B1EC-4D78-AF18-F17EEDC9E2F0}"
EndProject
Global
	GlobalSection(SolutionConfigurationPlatforms) = preSolution
		Debug|Any CPU = Debug|Any CPU
		Release|Any CPU = Release|Any CPU
	EndGlobalSection
	GlobalSection(ProjectConfigurationPlatforms) = postSolution
		{4D381ED9-B1EC-4D78-AF18-F17EEDC9E2F0}.Debug|Any CPU.ActiveCfg = Debug|Any CPU
		{4D381ED9-B1EC-4D78-AF18-F17EEDC9E2F0}.Debug|Any CPU.Build.0 = Debug|Any CPU
		{4D381ED9-B1EC-4D78-AF18-F17EEDC9E2F0}.Release|Any CPU.ActiveCfg = Release|Any CPU
		{4D381ED9-B1EC-4D78-AF18-F17EEDC9E2F0}.Release|Any CPU.Build.0 = Release|Any CPU
	EndGlobalSection
	GlobalSection(SolutionProperties) = preSolution
		HideSolutionNode = FALSE
	EndGlobalSection
	GlobalSection(ExtensibilityGlobals) = postSolution
		SolutionGuid = {32731F1D-8213-4FE8-9BEE-BB0A33466ACF}
	EndGlobalSection
EndGlobal
