
Microsoft Visual Studio Solution File, Format Version 12.00
# Visual Studio Version 16
VisualStudioVersion = 16.0.36128.20
MinimumVisualStudioVersion = 10.0.40219.1
Project("{FAE04EC0-301F-11D3-BF4B-00C04F79EFBC}") = "MVC_CodeFirst", "MVC_CodeFirst\MVC_CodeFirst.csproj", "{A1DED0C1-D5E2-4F1E-8B23-FF88A7E0392C}"
EndProject
Global
	GlobalSection(SolutionConfigurationPlatforms) = preSolution
		Debug|Any CPU = Debug|Any CPU
		Release|Any CPU = Release|Any CPU
	EndGlobalSection
	GlobalSection(ProjectConfigurationPlatforms) = postSolution
		{A1DED0C1-D5E2-4F1E-8B23-FF88A7E0392C}.Debug|Any CPU.ActiveCfg = Debug|Any CPU
		{A1DED0C1-D5E2-4F1E-8B23-FF88A7E0392C}.Debug|Any CPU.Build.0 = Debug|Any CPU
		{A1DED0C1-D5E2-4F1E-8B23-FF88A7E0392C}.Release|Any CPU.ActiveCfg = Release|Any CPU
		{A1DED0C1-D5E2-4F1E-8B23-FF88A7E0392C}.Release|Any CPU.Build.0 = Release|Any CPU
	EndGlobalSection
	GlobalSection(SolutionProperties) = preSolution
		HideSolutionNode = FALSE
	EndGlobalSection
	GlobalSection(ExtensibilityGlobals) = postSolution
		SolutionGuid = {4C7BDA78-F529-4B8B-90DB-A53204959877}
	EndGlobalSection
EndGlobal
