
Microsoft Visual Studio Solution File, Format Version 12.00
# Visual Studio Version 16
VisualStudioVersion = 16.0.36128.20
MinimumVisualStudioVersion = 10.0.40219.1
Project("{FAE04EC0-301F-11D3-BF4B-00C04F79EFBC}") = "day3", "day3\day3.csproj", "{EE45F34F-222B-49F6-868E-74B46FD016EB}"
EndProject
Project("{FAE04EC0-301F-11D3-BF4B-00C04F79EFBC}") = "day4", "..\day4\day4.csproj", "{2014FDCE-0FE5-413E-8656-D414B7F20947}"
EndProject
Global
	GlobalSection(SolutionConfigurationPlatforms) = preSolution
		Debug|Any CPU = Debug|Any CPU
		Release|Any CPU = Release|Any CPU
	EndGlobalSection
	GlobalSection(ProjectConfigurationPlatforms) = postSolution
		{EE45F34F-222B-49F6-868E-74B46FD016EB}.Debug|Any CPU.ActiveCfg = Debug|Any CPU
		{EE45F34F-222B-49F6-868E-74B46FD016EB}.Debug|Any CPU.Build.0 = Debug|Any CPU
		{EE45F34F-222B-49F6-868E-74B46FD016EB}.Release|Any CPU.ActiveCfg = Release|Any CPU
		{EE45F34F-222B-49F6-868E-74B46FD016EB}.Release|Any CPU.Build.0 = Release|Any CPU
		{2014FDCE-0FE5-413E-8656-D414B7F20947}.Debug|Any CPU.ActiveCfg = Debug|Any CPU
		{2014FDCE-0FE5-413E-8656-D414B7F20947}.Debug|Any CPU.Build.0 = Debug|Any CPU
		{2014FDCE-0FE5-413E-8656-D414B7F20947}.Release|Any CPU.ActiveCfg = Release|Any CPU
		{2014FDCE-0FE5-413E-8656-D414B7F20947}.Release|Any CPU.Build.0 = Release|Any CPU
	EndGlobalSection
	GlobalSection(SolutionProperties) = preSolution
		HideSolutionNode = FALSE
	EndGlobalSection
	GlobalSection(ExtensibilityGlobals) = postSolution
		SolutionGuid = {08403C54-AA29-4ACE-8B78-0BC953DDADCA}
	EndGlobalSection
EndGlobal
