
Microsoft Visual Studio Solution File, Format Version 12.00
# Visual Studio Version 16
VisualStudioVersion = 16.0.36128.20
MinimumVisualStudioVersion = 10.0.40219.1
Project("{FAE04EC0-301F-11D3-BF4B-00C04F79EFBC}") = "Assignment1", "Assignment1\Assignment1.csproj", "{D347E354-3683-4CEB-B59C-1C67917D51B6}"
EndProject
Global
	GlobalSection(SolutionConfigurationPlatforms) = preSolution
		Debug|Any CPU = Debug|Any CPU
		Release|Any CPU = Release|Any CPU
	EndGlobalSection
	GlobalSection(ProjectConfigurationPlatforms) = postSolution
		{D347E354-3683-4CEB-B59C-1C67917D51B6}.Debug|Any CPU.ActiveCfg = Debug|Any CPU
		{D347E354-3683-4CEB-B59C-1C67917D51B6}.Debug|Any CPU.Build.0 = Debug|Any CPU
		{D347E354-3683-4CEB-B59C-1C67917D51B6}.Release|Any CPU.ActiveCfg = Release|Any CPU
		{D347E354-3683-4CEB-B59C-1C67917D51B6}.Release|Any CPU.Build.0 = Release|Any CPU
	EndGlobalSection
	GlobalSection(SolutionProperties) = preSolution
		HideSolutionNode = FALSE
	EndGlobalSection
	GlobalSection(ExtensibilityGlobals) = postSolution
		SolutionGuid = {1AA7FE26-919C-4311-AE94-D3FC8735EE9D}
	EndGlobalSection
EndGlobal
