
Microsoft Visual Studio Solution File, Format Version 12.00
# Visual Studio Version 16
VisualStudioVersion = 16.0.36128.20
MinimumVisualStudioVersion = 10.0.40219.1
Project("{FAE04EC0-301F-11D3-BF4B-00C04F79EFBC}") = "LINQ_Queries", "LINQ_Queries\LINQ_Queries.csproj", "{B0E09637-5D29-4003-8A86-29DD8DA09CC0}"
EndProject
Global
	GlobalSection(SolutionConfigurationPlatforms) = preSolution
		Debug|Any CPU = Debug|Any CPU
		Release|Any CPU = Release|Any CPU
	EndGlobalSection
	GlobalSection(ProjectConfigurationPlatforms) = postSolution
		{B0E09637-5D29-4003-8A86-29DD8DA09CC0}.Debug|Any CPU.ActiveCfg = Debug|Any CPU
		{B0E09637-5D29-4003-8A86-29DD8DA09CC0}.Debug|Any CPU.Build.0 = Debug|Any CPU
		{B0E09637-5D29-4003-8A86-29DD8DA09CC0}.Release|Any CPU.ActiveCfg = Release|Any CPU
		{B0E09637-5D29-4003-8A86-29DD8DA09CC0}.Release|Any CPU.Build.0 = Release|Any CPU
	EndGlobalSection
	GlobalSection(SolutionProperties) = preSolution
		HideSolutionNode = FALSE
	EndGlobalSection
	GlobalSection(ExtensibilityGlobals) = postSolution
		SolutionGuid = {EFDB3E98-443E-474E-A04F-7AF2EFCEE63F}
	EndGlobalSection
EndGlobal
