
Microsoft Visual Studio Solution File, Format Version 12.00
# Visual Studio Version 16
VisualStudioVersion = 16.0.36128.20
MinimumVisualStudioVersion = 10.0.40219.1
Project("{FAE04EC0-301F-11D3-BF4B-00C04F79EFBC}") = "CodeChallenge3", "CodeChallenge3\CodeChallenge3.csproj", "{334EC8EF-C83F-4E9D-B214-0C7D05AD7D15}"
EndProject
Global
	GlobalSection(SolutionConfigurationPlatforms) = preSolution
		Debug|Any CPU = Debug|Any CPU
		Release|Any CPU = Release|Any CPU
	EndGlobalSection
	GlobalSection(ProjectConfigurationPlatforms) = postSolution
		{334EC8EF-C83F-4E9D-B214-0C7D05AD7D15}.Debug|Any CPU.ActiveCfg = Debug|Any CPU
		{334EC8EF-C83F-4E9D-B214-0C7D05AD7D15}.Debug|Any CPU.Build.0 = Debug|Any CPU
		{334EC8EF-C83F-4E9D-B214-0C7D05AD7D15}.Release|Any CPU.ActiveCfg = Release|Any CPU
		{334EC8EF-C83F-4E9D-B214-0C7D05AD7D15}.Release|Any CPU.Build.0 = Release|Any CPU
	EndGlobalSection
	GlobalSection(SolutionProperties) = preSolution
		HideSolutionNode = FALSE
	EndGlobalSection
	GlobalSection(ExtensibilityGlobals) = postSolution
		SolutionGuid = {FC81C93D-5CBB-4757-8277-AFB000B993D2}
	EndGlobalSection
EndGlobal
