
Microsoft Visual Studio Solution File, Format Version 12.00
# Visual Studio Version 16
VisualStudioVersion = 16.0.36128.20
MinimumVisualStudioVersion = 10.0.40219.1
Project("{FAE04EC0-301F-11D3-BF4B-00C04F79EFBC}") = "NUnit_Project2", "NUnit_Project2\NUnit_Project2.csproj", "{DEC936D1-9BCF-4314-BD59-FE543FBF16DA}"
EndProject
Project("{FAE04EC0-301F-11D3-BF4B-00C04F79EFBC}") = "NUnit_Testing_Project", "NUnit_Testing_Project\NUnit_Testing_Project.csproj", "{9B138E25-9653-4326-B44D-B855249123FF}"
EndProject
Global
	GlobalSection(SolutionConfigurationPlatforms) = preSolution
		Debug|Any CPU = Debug|Any CPU
		Release|Any CPU = Release|Any CPU
	EndGlobalSection
	GlobalSection(ProjectConfigurationPlatforms) = postSolution
		{DEC936D1-9BCF-4314-BD59-FE543FBF16DA}.Debug|Any CPU.ActiveCfg = Debug|Any CPU
		{DEC936D1-9BCF-4314-BD59-FE543FBF16DA}.Debug|Any CPU.Build.0 = Debug|Any CPU
		{DEC936D1-9BCF-4314-BD59-FE543FBF16DA}.Release|Any CPU.ActiveCfg = Release|Any CPU
		{DEC936D1-9BCF-4314-BD59-FE543FBF16DA}.Release|Any CPU.Build.0 = Release|Any CPU
		{9B138E25-9653-4326-B44D-B855249123FF}.Debug|Any CPU.ActiveCfg = Debug|Any CPU
		{9B138E25-9653-4326-B44D-B855249123FF}.Debug|Any CPU.Build.0 = Debug|Any CPU
		{9B138E25-9653-4326-B44D-B855249123FF}.Release|Any CPU.ActiveCfg = Release|Any CPU
		{9B138E25-9653-4326-B44D-B855249123FF}.Release|Any CPU.Build.0 = Release|Any CPU
	EndGlobalSection
	GlobalSection(SolutionProperties) = preSolution
		HideSolutionNode = FALSE
	EndGlobalSection
	GlobalSection(ExtensibilityGlobals) = postSolution
		SolutionGuid = {0BF48214-26A1-4E9C-AE08-C4EB4DD040A7}
	EndGlobalSection
EndGlobal
