
Microsoft Visual Studio Solution File, Format Version 12.00
# Visual Studio Version 16
VisualStudioVersion = 16.0.36128.20
MinimumVisualStudioVersion = 10.0.40219.1
Project("{FAE04EC0-301F-11D3-BF4B-00C04F79EFBC}") = "CodeChallenge1", "CodeChallenge1\CodeChallenge1.csproj", "{2177FD6F-199F-449D-A954-CA21CF6FD0B2}"
EndProject
Global
	GlobalSection(SolutionConfigurationPlatforms) = preSolution
		Debug|Any CPU = Debug|Any CPU
		Release|Any CPU = Release|Any CPU
	EndGlobalSection
	GlobalSection(ProjectConfigurationPlatforms) = postSolution
		{2177FD6F-199F-449D-A954-CA21CF6FD0B2}.Debug|Any CPU.ActiveCfg = Debug|Any CPU
		{2177FD6F-199F-449D-A954-CA21CF6FD0B2}.Debug|Any CPU.Build.0 = Debug|Any CPU
		{2177FD6F-199F-449D-A954-CA21CF6FD0B2}.Release|Any CPU.ActiveCfg = Release|Any CPU
		{2177FD6F-199F-449D-A954-CA21CF6FD0B2}.Release|Any CPU.Build.0 = Release|Any CPU
	EndGlobalSection
	GlobalSection(SolutionProperties) = preSolution
		HideSolutionNode = FALSE
	EndGlobalSection
	GlobalSection(ExtensibilityGlobals) = postSolution
		SolutionGuid = {363B1EE4-BC86-4BAC-835D-DDA20D7D3398}
	EndGlobalSection
EndGlobal
