
Microsoft Visual Studio Solution File, Format Version 12.00
# Visual Studio Version 16
VisualStudioVersion = 16.0.36128.20
MinimumVisualStudioVersion = 10.0.40219.1
Project("{FAE04EC0-301F-11D3-BF4B-00C04F79EFBC}") = "Web API", "Web API\Web API.csproj", "{38B9BFAD-6DDE-46A5-811E-D9E4E925EC5B}"
EndProject
Global
	GlobalSection(SolutionConfigurationPlatforms) = preSolution
		Debug|Any CPU = Debug|Any CPU
		Release|Any CPU = Release|Any CPU
	EndGlobalSection
	GlobalSection(ProjectConfigurationPlatforms) = postSolution
		{38B9BFAD-6DDE-46A5-811E-D9E4E925EC5B}.Debug|Any CPU.ActiveCfg = Debug|Any CPU
		{38B9BFAD-6DDE-46A5-811E-D9E4E925EC5B}.Debug|Any CPU.Build.0 = Debug|Any CPU
		{38B9BFAD-6DDE-46A5-811E-D9E4E925EC5B}.Release|Any CPU.ActiveCfg = Release|Any CPU
		{38B9BFAD-6DDE-46A5-811E-D9E4E925EC5B}.Release|Any CPU.Build.0 = Release|Any CPU
	EndGlobalSection
	GlobalSection(SolutionProperties) = preSolution
		HideSolutionNode = FALSE
	EndGlobalSection
	GlobalSection(ExtensibilityGlobals) = postSolution
		SolutionGuid = {C8A80323-084E-46C4-AFA6-DBDD59B348B3}
	EndGlobalSection
EndGlobal
